
Microsoft Visual Studio Solution File, Format Version 12.00
# Visual Studio Version 17
VisualStudioVersion = 17.8.34212.112
MinimumVisualStudioVersion = 10.0.40219.1
Project("{FAE04EC0-301F-11D3-BF4B-00C04F79EFBC}") = "WebApplication6", "WebApplication6\WebApplication6.csproj", "{2DC146DB-E297-4D6F-907F-883A56F7DA5A}"
EndProject
Global
	GlobalSection(SolutionConfigurationPlatforms) = preSolution
		Debug|Any CPU = Debug|Any CPU
		Release|Any CPU = Release|Any CPU
	EndGlobalSection
	GlobalSection(ProjectConfigurationPlatforms) = postSolution
		{2DC146DB-E297-4D6F-907F-883A56F7DA5A}.Debug|Any CPU.ActiveCfg = Debug|Any CPU
		{2DC146DB-E297-4D6F-907F-883A56F7DA5A}.Debug|Any CPU.Build.0 = Debug|Any CPU
		{2DC146DB-E297-4D6F-907F-883A56F7DA5A}.Release|Any CPU.ActiveCfg = Release|Any CPU
		{2DC146DB-E297-4D6F-907F-883A56F7DA5A}.Release|Any CPU.Build.0 = Release|Any CPU
	EndGlobalSection
	GlobalSection(SolutionProperties) = preSolution
		HideSolutionNode = FALSE
	EndGlobalSection
	GlobalSection(ExtensibilityGlobals) = postSolution
		SolutionGuid = {9EF743E6-E1F8-4309-9450-B625102696E2}
	EndGlobalSection
EndGlobal
